# THIS IS AN AUTOGENERATED FILE. DO NOT EDIT THIS FILE DIRECTLY.
# yarn lockfile v1


"@remix-run/router@1.16.0":
  version "1.16.0"
  resolved "https://registry.yarnpkg.com/@remix-run/router/-/router-1.16.0.tgz#0e10181e5fec1434eb071a9bc4bdaac843f16dcc"
  integrity sha512-Quz1KOffeEf/zwkCBM3kBtH4ZoZ+pT3xIXBG4PPW/XFtDP7EGhtTiC2+gpL9GnR7+Qdet5Oa6cYSvwKYg6kN9Q==

"js-tokens@^3.0.0 || ^4.0.0":
  version "4.0.0"
  resolved "https://registry.yarnpkg.com/js-tokens/-/js-tokens-4.0.0.tgz#19203fb59991df98e3a287050d4647cdeaf32499"
  integrity sha512-RdJUflcE3cUzKiMqQgsCu06FPu9UdIJO0beYbPhHN4k6apgJtifcoCtT9bcxOpYBtpD2kCM6Sbzg4CausW/PKQ==

loose-envify@^1.1.0:
  version "1.4.0"
  resolved "https://registry.yarnpkg.com/loose-envify/-/loose-envify-1.4.0.tgz#71ee51fa7be4caec1a63839f7e682d8132d30caf"
  integrity sha512-lyuxPGr/Wfhrlem2CL/UcnUc1zcqKAImBDzukY7Y5F/yQiNdko6+fRLevlw1HgMySw7f611UIY408EtxRSoK3Q==
  dependencies:
    js-tokens "^3.0.0 || ^4.0.0"

react-dom@^18.2.0:
  version "18.3.0"
  resolved "https://registry.yarnpkg.com/react-dom/-/react-dom-18.3.0.tgz#98a3a1cc4e471d517c2a084f38ab1d58d02cada7"
  integrity sha512-zaKdLBftQJnvb7FtDIpZtsAIb2MZU087RM8bRDZU8LVCCFYjPTsDZJNFUWPcVz3HFSN1n/caxi0ca4B/aaVQGQ==
  dependencies:
    loose-envify "^1.1.0"
    scheduler "^0.23.1"

react-router-dom@^6.22.3:
  version "6.23.0"
  resolved "https://registry.yarnpkg.com/react-router-dom/-/react-router-dom-6.23.0.tgz#8b80ad92ad28f4dc38972e92d84b4c208150545a"
  integrity sha512-Q9YaSYvubwgbal2c9DJKfx6hTNoBp3iJDsl+Duva/DwxoJH+OTXkxGpql4iUK2sla/8z4RpjAm6EWx1qUDuopQ==
  dependencies:
    "@remix-run/router" "1.16.0"
    react-router "6.23.0"

react-router@6.23.0:
  version "6.23.0"
  resolved "https://registry.yarnpkg.com/react-router/-/react-router-6.23.0.tgz#2f2d7492c66a6bdf760be4c6bdf9e1d672fa154b"
  integrity sha512-wPMZ8S2TuPadH0sF5irFGjkNLIcRvOSaEe7v+JER8508dyJumm6XZB1u5kztlX0RVq6AzRVndzqcUh6sFIauzA==
  dependencies:
    "@remix-run/router" "1.16.0"

react@^18.2.0:
  version "18.3.0"
  resolved "https://registry.yarnpkg.com/react/-/react-18.3.0.tgz#84386d0a36fdf5ef50fa5755b7812bdfb76194a5"
  integrity sha512-RPutkJftSAldDibyrjuku7q11d3oy6wKOyPe5K1HA/HwwrXcEqBdHsLypkC2FFYjP7bPUa6gbzSBhw4sY2JcDg==
  dependencies:
    loose-envify "^1.1.0"

scheduler@^0.23.1:
  version "0.23.1"
  resolved "https://registry.yarnpkg.com/scheduler/-/scheduler-0.23.1.tgz#ef964a7936d7cbe8f7bc0d38fc479a823aed2923"
  integrity sha512-5GKS5JGfiah1O38Vfa9srZE4s3wdHbwjlCrvIookrg2FO9aIwKLOJXuJQFlEfNcVSOXuaL2hzDeY20uVXcUtrw==
  dependencies:
    loose-envify "^1.1.0"
